
Microsoft Visual Studio Solution File, Format Version 12.00
# Visual Studio 15
VisualStudioVersion = 15.0.28307.572
MinimumVisualStudioVersion = 10.0.40219.1
Project("{9A19103F-16F7-4668-BE54-9A1E7A4F7556}") = "ESFA.DC.ILR.AmalgamationService.Services", "ESFA.DC.ILR.AmalgamationService.Services\ESFA.DC.ILR.AmalgamationService.Services.csproj", "{F6E83C4C-AA25-4740-97C1-6BDC1F4F6678}"
EndProject
Project("{9A19103F-16F7-4668-BE54-9A1E7A4F7556}") = "ESFA.DC.ILR.AmalgamationService.Interfaces", "ESFA.DC.ILR.AmalgamationService.Interfaces\ESFA.DC.ILR.AmalgamationService.Interfaces.csproj", "{C41398AD-C5B7-4DB6-8BF7-4A3BB5D6F94F}"
EndProject
Project("{FAE04EC0-301F-11D3-BF4B-00C04F79EFBC}") = "ESFA.DC.ILR.AmalgamationService.Services.Tests", "ESFA.DC.ILR.AmalgamationService.Services.Tests\ESFA.DC.ILR.AmalgamationService.Services.Tests.csproj", "{31A1340B-CE76-48D2-BD10-1C14EDB1D4FB}"
EndProject
Project("{FAE04EC0-301F-11D3-BF4B-00C04F79EFBC}") = "ESFA.DC.ILR.Model.Loose.ReadWrite", "ESFA.DC.ILR.Model.Loose.ReadWrite\ESFA.DC.ILR.Model.Loose.ReadWrite.csproj", "{2F7697FA-BF58-455E-A87C-1BF9AC137CC8}"
EndProject
Global
	GlobalSection(SolutionConfigurationPlatforms) = preSolution
		Debug|Any CPU = Debug|Any CPU
		Release|Any CPU = Release|Any CPU
	EndGlobalSection
	GlobalSection(ProjectConfigurationPlatforms) = postSolution
		{F6E83C4C-AA25-4740-97C1-6BDC1F4F6678}.Debug|Any CPU.ActiveCfg = Debug|Any CPU
		{F6E83C4C-AA25-4740-97C1-6BDC1F4F6678}.Debug|Any CPU.Build.0 = Debug|Any CPU
		{F6E83C4C-AA25-4740-97C1-6BDC1F4F6678}.Release|Any CPU.ActiveCfg = Release|Any CPU
		{F6E83C4C-AA25-4740-97C1-6BDC1F4F6678}.Release|Any CPU.Build.0 = Release|Any CPU
		{C41398AD-C5B7-4DB6-8BF7-4A3BB5D6F94F}.Debug|Any CPU.ActiveCfg = Debug|Any CPU
		{C41398AD-C5B7-4DB6-8BF7-4A3BB5D6F94F}.Debug|Any CPU.Build.0 = Debug|Any CPU
		{C41398AD-C5B7-4DB6-8BF7-4A3BB5D6F94F}.Release|Any CPU.ActiveCfg = Release|Any CPU
		{C41398AD-C5B7-4DB6-8BF7-4A3BB5D6F94F}.Release|Any CPU.Build.0 = Release|Any CPU
		{31A1340B-CE76-48D2-BD10-1C14EDB1D4FB}.Debug|Any CPU.ActiveCfg = Debug|Any CPU
		{31A1340B-CE76-48D2-BD10-1C14EDB1D4FB}.Debug|Any CPU.Build.0 = Debug|Any CPU
		{31A1340B-CE76-48D2-BD10-1C14EDB1D4FB}.Release|Any CPU.ActiveCfg = Release|Any CPU
		{31A1340B-CE76-48D2-BD10-1C14EDB1D4FB}.Release|Any CPU.Build.0 = Release|Any CPU
		{2F7697FA-BF58-455E-A87C-1BF9AC137CC8}.Debug|Any CPU.ActiveCfg = Debug|Any CPU
		{2F7697FA-BF58-455E-A87C-1BF9AC137CC8}.Debug|Any CPU.Build.0 = Debug|Any CPU
		{2F7697FA-BF58-455E-A87C-1BF9AC137CC8}.Release|Any CPU.ActiveCfg = Release|Any CPU
		{2F7697FA-BF58-455E-A87C-1BF9AC137CC8}.Release|Any CPU.Build.0 = Release|Any CPU
	EndGlobalSection
	GlobalSection(SolutionProperties) = preSolution
		HideSolutionNode = FALSE
	EndGlobalSection
	GlobalSection(ExtensibilityGlobals) = postSolution
		SolutionGuid = {A8A23246-4511-4CA0-82B1-F43D1A3A8D84}
	EndGlobalSection
EndGlobal
